# THIS IS AN AUTOGENERATED FILE. DO NOT EDIT THIS FILE DIRECTLY.
# yarn lockfile v1
inherits@~2.0.0:
  version "2.0.3"
  resolved "https://registry.yarnpkg.com/inherits/-/inherits-2.0.3.tgz#633c2c83e3da42a502f52466022480f4208261de"

queue:
  version "4.0.0"
  resolved "https://registry.yarnpkg.com/queue/-/queue-4.0.0.tgz#e5b10fa5847c696c64149a40c58d270ad79ac713"
  dependencies:
    inherits "~2.0.0"

